PODS:
  - AFNetworking (2.6.3):
    - AFNetworking/NSURLConnection (= 2.6.3)
    - AFNetworking/NSURLSession (= 2.6.3)
    - AFNetworking/Reachability (= 2.6.3)
    - AFNetworking/Security (= 2.6.3)
    - AFNetworking/Serialization (= 2.6.3)
    - AFNetworking/UIKit (= 2.6.3)
  - AFNetworking/NSURLConnection (2.6.3):
    - AFNetworking/Reachability
    - AFNetworking/Security
    - AFNetworking/Serialization
  - AFNetworking/NSURLSession (2.6.3):
    - AFNetworking/Reachability
    - AFNetworking/Security
    - AFNetworking/Serialization
  - AFNetworking/Reachability (2.6.3)
  - AFNetworking/Security (2.6.3)
  - AFNetworking/Serialization (2.6.3)
  - AFNetworking/UIKit (2.6.3):
    - AFNetworking/NSURLConnection
    - AFNetworking/NSURLSession
  - KVOController (1.0.3)
  - M13ProgressSuite (1.2.7)
  - RMUniversalAlert (0.7):
    - RMUniversalAlert/Core (= 0.7)
  - RMUniversalAlert/Core (0.7):
    - UIActionSheet+Blocks (>= 0.9)
    - UIAlertController+Blocks (>= 0.9)
    - UIAlertView+Blocks (>= 0.9)
  - UIActionSheet+Blocks (0.9)
  - UIAlertController+Blocks (0.9)
  - UIAlertView+Blocks (0.9)

DEPENDENCIES:
  - AFNetworking
  - KVOController
  - M13ProgressSuite
  - RMUniversalAlert

SPEC CHECKSUMS:
  AFNetworking: cb8d14a848e831097108418f5d49217339d4eb60
  KVOController: 9fd8f0343670994e4b6f9f0b31f5a45663f3e1cf
  M13ProgressSuite: 03d194af6359da440641ba758aed5a18b0386a86
  RMUniversalAlert: bce2ca406c24065b76665725c83e48006e8f65f8
  UIActionSheet+Blocks: e180b7dad0a721ab7f212ac9742af799008bb358
  UIAlertController+Blocks: b48c673ff60726da468b32ab21bbc7683512d45b
  UIAlertView+Blocks: a46c99c5144f6c5dbc7d62fd2a0678daceec89a3

COCOAPODS: 0.39.0
